# Linux x86_64 / CPython 3.12 lock generated from pip's 2026-07-17
# resolver report. Install with: pip install --require-hashes -r <this file>
annotated-types==0.7.0 --hash=sha256:1f02e8b43a8fbbc3f3e0d4f0f4bfc8131bcb4eebe8849b8e5c773f3a1c582a53
colorama==0.4.6 --hash=sha256:4f1d9991f5acc0ca119f9d443620b77f9d6b33703e51011c16baf57afb285fc6
dill==0.4.1 --hash=sha256:1e1ce33e978ae97fcfcff5638477032b801c46c7c65cf717f95fbc2248f79a9d
h5py==3.14.0 --hash=sha256:0cbd41f4e3761f150aa5b662df991868ca533872c95467216f2bec5fcad84882
iniconfig==2.3.0 --hash=sha256:f631c04d2c48c52b84d0d0549c99ff3859c98df65b3101406327ecc7d53fbf12
mpmath==1.3.0 --hash=sha256:a0b2b9fe80bbcd81a6647ff13108738cfb482d481d826cc0e02f5b35e5c88d2c
numpy==2.2.6 --hash=sha256:fd83c01228a688733f1ded5201c678f0c53ecc1006ffbc404db9f7a899ac6249
packaging==26.2 --hash=sha256:5fc45236b9446107ff2415ce77c807cee2862cb6fac22b8a73826d0693b0980e
pluggy==1.6.0 --hash=sha256:e920276dd6813095e9377c0bc5566d94c932c33b27a3e3945d8389c374dd4746
psutil==7.1.1 --hash=sha256:92ebc58030fb054fa0f26c3206ef01c31c29d67aee1367e3483c16665c25c8d2
pydantic==2.13.4 --hash=sha256:45a282cde31d808236fd7ea9d919b128653c8b38b393d1c4ab335c62924d9aba
pydantic-core==2.46.4 --hash=sha256:926c9541b14b12b1681dca8a0b75feb510b06c6341b70a8e500c2fdcff837cce
Pygments==2.20.0 --hash=sha256:81a9e26dd42fd28a23a2d169d86d7ac03b46e2f8b59ed4698fb4785f946d0176
pyscf==2.13.1 --hash=sha256:27b991d37ff16137d28b7210f678f8a027264cb66590afdd2002c5b69001f8b3
pytest==9.0.2 --hash=sha256:711ffd45bf766d5264d487b917733b453d917afd2b0ad65223959f59089f875b
pytest-asyncio==1.3.0 --hash=sha256:611e26147c7f77640e6d0a92a38ed17c3e9848063698d5c93d5aa7aa11cebff5
python-dateutil==2.9.0.post0 --hash=sha256:a8b2bc7bffae282281c8140a97d3aa9c14da0b136dfe83f850eea9a5f7470427
qiskit==2.3.1 --hash=sha256:350027279bb171e9746fee5756c674872df97f4608b079129d4edb25b5bb1fdd
qiskit-aer==0.17.1 --hash=sha256:4201015430d199b4512060c495f54e63dce72397b71f037a7954d2fd2761829f
qiskit-algorithms==0.4.0 --hash=sha256:c8bfc119e270c7cd7d6013e62193914381bd71fd4cdc847c07b50c749fd0114d
qiskit-nature==0.8.0 --hash=sha256:f219dc19c91109edb39575bd6de1dea7d3be088be831057740b94648143e0f8a
rustworkx==0.18.0 --hash=sha256:7e0c626f76bc71d414a02502be7ec0ac2dd6eca369886bc66a2650607f2d9de6
scipy==1.16.3 --hash=sha256:72d1717fd3b5e6ec747327ce9bda32d5463f472c9dce9f54499e81fbd50245a1
setuptools==83.0.0 --hash=sha256:29b23c360f22f414dc7336bb39178cc7bcbf6021ed2733cde173f09dba19abb3
six==1.17.0 --hash=sha256:4721f391ed90541fddacab5acf947aa0d3dc7d27b2e1e8eda2be8970586c3274
stevedore==5.9.0 --hash=sha256:e520945d4c257700eddc1eb1d79df04b2ea578eef185e0e3fa5b442fc848d3f7
sympy==1.14.0 --hash=sha256:e091cc3e99d2141a0ba2847328f5479b05d94a6635cb96148ccb3f34671bd8f5
typing-inspection==0.4.2 --hash=sha256:4ed1cacbdc298c220f1bd249ed5287caa16f34d44ef4e9c3d0cbad5b521545e7
typing_extensions==4.16.0 --hash=sha256:481caa481374e813c1b176ada14e97f1f67a4539ce9cfeb3f350d78d6370c2e8
